{
  "name": "ai-review-action",
  "version": "1.0.0",
  "lockfileVersion": 3,
  "requires": true,
  "packages": {
    "": {
      "name": "ai-review-action",
      "version": "1.0.0",
      "dependencies": {
        "@actions/github": "^6.0.0",
        "axios": "^1.7.2",
        "parse-diff": "^0.11.1",
        "string-similarity": "^4.0.4",
        "tree-sitter": "^0.20.8",
        "tree-sitter-c-sharp": "^0.20.0",
        "tree-sitter-cpp": "^0.20.1",
        "tree-sitter-go": "^0.20.0",
        "tree-sitter-java": "^0.20.2",
        "tree-sitter-javascript": "^0.20.1",
        "tree-sitter-php": "^0.20.0",
        "tree-sitter-python": "^0.20.5",
        "tree-sitter-ruby": "^0.20.0",
        "tree-sitter-rust": "^0.20.5",
        "tree-sitter-typescript": "^0.20.3"
      }
    },
    "node_modules/@actions/core": {
      "version": "1.10.1",
      "resolved": "https://registry.npmjs.org/@actions/core/-/core-1.10.1.tgz",
      "integrity": "sha512-3V15kE22lsbZq1o23zL38m2VI2J16v2dC33DO2eaT42x15cbwwiCjTR2h6k3MspP2a2p974Ie1L3crG2pQd1pQ==",
      "dependencies": {
        "@actions/http-client": "^2.0.1",
        "uuid": "^8.3.2"
      },
      "engines": {
        "node": ">=16"
      }
    },
    "node_modules/@actions/github": {
      "version": "6.0.0",
      "resolved": "https://registry.npmjs.org/@actions/github/-/github-6.0.0.tgz",
      "integrity": "sha512-s2OHKhtVryBZNvE52c2I6O0nJd2Ikesu2Gv0yVtP/yZzcsd2C+gdtx3T4LpP2I8u2n0CHiJgH2C03HwAvo+2aA==",
      "dependencies": {
        "@actions/core": "^1.10.0",
        "@actions/http-client": "^2.1.0",
        "@octokit/request-error": "^5.0.0",
        "@octokit/types": "^12.0.0",
        "octokit": "^3.1.2"
      },
      "engines": {
        "node": ">=18"
      }
    },
    "node_modules/@actions/http-client": {
      "version": "2.2.1",
      "resolved": "https://registry.npmjs.org/@actions/http-client/-/http-client-2.2.1.tgz",
      "integrity": "sha512-E2eSjGk4bI+AWT65eQGj3aCFvO8i2t92nQx2b6vYtJk5lCj3brs2H8r+hzae4I3YvY2oXGZk62O/Jg==",
      "dependencies": {
        "tunnel": "^0.0.6"
      },
      "engines": {
        "node": ">=16"
      }
    },
    "node_modules/@octokit/endpoint": {
      "version": "7.2.1",
      "resolved": "https://registry.npmjs.org/@octokit/endpoint/-/endpoint-7.2.1.tgz",
      "integrity": "sha512-s2w3iNq2lB4i5aA2IKkv/223P4bfd/2bZ3qlGv6A3v2f+K4VqfHEV8x2CVBwVdJv2u2Lg9qa+w2dJ9iJgA==",
      "dependencies": {
        "@octokit/types": "^12.0.0",
        "is-plain-object": "^5.0.0",
        "universal-user-agent": "^7.0.0"
      },
      "engines": {
        "node": ">= 18"
      }
    },
    "node_modules/@octokit/request": {
      "version": "8.2.0",
      "resolved": "https://registry.npmjs.org/@octokit/request/-/request-8.2.0.tgz",
      "integrity": "sha512-v4o+h2K+2o2GQl0WHvYJ1pS9w+Y2JcM2aJzDOMn2u4sJd2g9oYyqO0ds+u1gq7yPzT0gI7w1Hh2nFLDbYg==",
      "dependencies": {
        "@octokit/request-error": "^5.0.0",
        "@octokit/types": "^12.0.0",
        "node-fetch": "^2.6.7",
        "universal-user-agent": "^7.0.0"
      },
      "engines": {
        "node": ">= 18"
      }
    },
    "node_modules/@octokit/request-error": {
      "version": "5.0.1",
      "resolved": "https://registry.npmjs.org/@octokit/request-error/-/request-error-5.0.1.tgz",
      "integrity": "sha512-ZkG+2d2+fENTf2b4nJjHLd3g2yGjLzM2aL2x5sV2b6yOOKY+3x2g/YQy2iXz+g22/4a2cZRg2d+iL1g==",
      "dependencies": {
        "@octokit/types": "^12.0.0"
      },
      "engines": {
        "node": ">= 18"
      }
    },
    "node_modules/@octokit/types": {
      "version": "13.5.0",
      "resolved": "https://registry.npmjs.org/@octokit/types/-/types-13.5.0.tgz",
      "integrity": "sha512-wQy+J8923lTfCVa/i2LdM2o6nCgLTMk38naB3gReis2y2k62CjUaMO2vJ5acYg2s+ZBGhEM3t2s2tqf2vT+wA==",
      "engines": {
        "node": ">= 18"
      }
    },
    "node_modules/axios": {
      "version": "1.7.2",
      "resolved": "https://registry.npmjs.org/axios/-/axios-1.7.2.tgz",
      "integrity": "sha512-2A52NPQAeK8a9nLz10C0i4i2eB1dGviIbbeVAMiMy2QyAU40VLTqknI2EaI2HUQvYdGf6r3r4w2G0Uv2bYm25g==",
      "dependencies": {
        "follow-redirects": "^1.15.6",
        "form-data": "^4.0.0",
        "proxy-from-env": "^1.1.0"
      }
    },
    "node_modules/asynckit": {
      "version": "0.4.0",
      "resolved": "https://registry.npmjs.org/asynckit/-/asynckit-0.4.0.tgz",
      "integrity": "sha512-Oei9OH4tRh0YqU3Gxh1B49u7osMWiA0HKsTg9Mzz68rdavfTarIQHwkGgFOwhbCsIOKj53e4Tlg5WJGbSyA2eQ=="
    },
    "node_modules/combined-stream": {
      "version": "1.0.8",
      "resolved": "https://registry.npmjs.org/combined-stream/-/combined-stream-1.0.8.tgz",
      "integrity": "sha512-FQN4MRfuJeHf7cBbBMJFXhK9DQqdlkXiCIq+2GNOPbcJy0kPuD+faycOLJ3lP2OYwss2mL8ppNxLgl7lH+K9YA==",
      "dependencies": {
        "delayed-stream": "~1.0.0"
      },
      "engines": {
        "node": ">= 0.8"
      }
    },
    "node_modules/delayed-stream": {
      "version": "1.0.0",
      "resolved": "https://registry.npmjs.org/delayed-stream/-/delayed-stream-1.0.0.tgz",
      "integrity": "sha512-ZySD7Nf91aLB0RxL4KGrKHBXl7GxwBgff7wNsWATiBSTRf/q/vdsBh+3lwWrSJbVLAa1I/zLuK+j2BHqy9voBg==",
      "engines": {
        "node": ">=0.4.0"
      }
    },
    "node_modules/dice-coefficient": {
      "version": "2.1.0",
      "resolved": "https://registry.npmjs.org/dice-coefficient/-/dice-coefficient-2.1.0.tgz",
      "integrity": "sha512-wEDk03Tr2n4lDTz/FEVu03D2e3iCtv7ASG3iI6Ay2oJ4Iq4Gj3LwTPAI4lGPOHw/yB2xV8CjKyx2Lz4p2mfgw=="
    },
    "node_modules/follow-redirects": {
      "version": "1.15.6",
      "resolved": "https://registry.npmjs.org/follow-redirects/-/follow-redirects-1.15.6.tgz",
      "integrity": "sha512-wS2m3PXk2vPE2/UJlTq8a5a3hHn7NmMTh2eG2o+aLg2b2u2I6e+h5H0J4p9p6qVl4g6zC4A3VlI3+vJ/w==",
      "funding": [
        {
          "type": "individual",
          "url": "https://github.com/sponsors/RubenVerborgh"
        }
      ],
      "engines": {
        "node": ">=4.0"
      },
      "peerDependenciesMeta": {
        "debug": {
          "optional": true
        }
      }
    },
    "node_modules/form-data": {
      "version": "4.0.0",
      "resolved": "https://registry.npmjs.org/form-data/-/form-data-4.0.0.tgz",
      "integrity": "sha512-ETEbY+zSfcvSvNYvcDTCaFd0frP6EtickuzCLezT+Qpa4rucOsiA3Xmeyr4VUFHCbDb7Hy1ZweinL7mKGRh9rw==",
      "dependencies": {
        "asynckit": "^0.4.0",
        "combined-stream": "^1.0.8",
        "mime-types": "^2.1.12"
      },
      "engines": {
        "node": ">= 6"
      }
    },
    "node_modules/is-plain-object": {
      "version": "5.0.0",
      "resolved": "https://registry.npmjs.org/is-plain-object/-/is-plain-object-5.0.0.tgz",
      "integrity": "sha512-VRSzKkbYs2cKJS89J4aeM6YFAzYvS2tT9e2VpUrMFd8b5oGk92j21k1s2u8T+w4/M2v5isOCa64aYgIlI4s9w==",
      "engines": {
        "node": ">=0.10.0"
      }
    },
    "node_modules/mime-db": {
      "version": "1.52.0",
      "resolved": "https://registry.npmjs.org/mime-db/-/mime-db-1.52.0.tgz",
      "integrity": "sha512-sPU4uV7dYlvtWdNFmoAiaRotw4VVSGZYRBa41u19vLswlpH/SxtbCVTTCbA6gPAGDye+DEuz0seQch62Ui7sMw==",
      "engines": {
        "node": ">= 0.6"
      }
    },
    "node_modules/mime-types": {
      "version": "2.1.35",
      "resolved": "https://registry.npmjs.org/mime-types/-/mime-types-2.1.35.tgz",
      "integrity": "sha512-ZDY+bPm5zTTF+YpCrAU9nK0UgICYPT0QtT1NZWFv4s++TNkcg3yTJG5JGb93zddNAZNNPjbQ+AEnoKMNoNwTnA==",
      "dependencies": {
        "mime-db": "1.52.0"
      },
      "engines": {
        "node": ">= 0.6"
      }
    },
    "node_modules/node-fetch": {
      "version": "2.7.0",
      "resolved": "https://registry.npmjs.org/node-fetch/-/node-fetch-2.7.0.tgz",
      "integrity": "sha512-c4FRfUm/dbcWZ7U+1Wq0AwCyFL+3nt2bEw05wfxSz+PaL0cprAUQFdIdPnVqClcaESlbk6QvA4S1I1/Xwfg1PA==",
      "dependencies": {
        "whatwg-url": "^5.0.0"
      },
      "engines": {
        "node": "4.x || 6.x || 8.x || 10.x || 12.x || 14.x || 16.x || 17.x"
      },
      "peerDependencies": {
        "encoding": "^0.1.0"
      },
      "peerDependenciesMeta": {
        "encoding": {
          "optional": true
        }
      }
    },
    "node_modules/octokit": {
      "version": "3.2.1",
      "resolved": "https://registry.npmjs.org/octokit/-/octokit-3.2.1.tgz",
      "integrity": "sha512-YIq7Qj8o1uG1e/i7yv/18Qf7M8Oqgh+AnU+i3l7y0IqfMyg61QJkxlwZgYQzVIbA2kCBTd6dO4sV+iW3wA==",
      "dependencies": {
        "@octokit/endpoint": "^7.0.0",
        "@octokit/request": "^8.0.0",
        "@octokit/request-error": "^5.0.0",
        "@octokit/types": "^12.0.0",
        "universal-user-agent": "^7.0.0"
      },
      "engines": {
        "node": ">= 18"
      }
    },
    "node_modules/parse-diff": {
      "version": "0.11.1",
      "resolved": "https://registry.npmjs.org/parse-diff/-/parse-diff-0.11.1.tgz",
      "integrity": "sha512-YJvYv5+K2B4p3b0Jj3nS3IumfTza+oSAz4kbT4kYhV4B4I6mLbS+2yVp3yYpSpPq9gYDRx2EaW1Yyv4lPGw==",
      "engines": {
        "node": ">=12.0.0"
      }
    },
    "node_modules/proxy-from-env": {
      "version": "1.1.0",
      "resolved": "https://registry.npmjs.org/proxy-from-env/-/proxy-from-env-1.1.0.tgz",
      "integrity": "sha512-D+ZPuCSIna4EaB9wqBqmwZdckrJpeocpD0Fi2ssxS9IrcdI54s3tL6G44TlH2GdgA6QODrA9z/gaS3aRILUbg=="
    },
    "node_modules/string-similarity": {
      "version": "4.0.4",
      "resolved": "https://registry.npmjs.org/string-similarity/-/string-similarity-4.0.4.tgz",
      "integrity": "sha512-0NDPL2D32itqf1t2V2y22vA4t2zX5p4b/r3lZp9w/5z2i2sC/nS6I5ABi0i4K2IuLzLz0i1v/3DDBdw==",
      "dependencies": {
        "dice-coefficient": "^2.1.0"
      }
    },
    "node_modules/tr46": {
      "version": "0.0.3",
      "resolved": "https://registry.npmjs.org/tr46/-/tr46-0.0.3.tgz",
      "integrity": "sha512-N3WMptq2O4U0dCRi3p4DYoDRde1fsDJgNcygaFnLSvvWtMenfGg87H6gMd3KtsTriMAYJg6c3bNLig15rAC7wA=="
    },
    "node_modules/tree-sitter": {
      "version": "0.20.8",
      "resolved": "https://registry.npmjs.org/tree-sitter/-/tree-sitter-0.20.8.tgz",
      "integrity": "sha512-i7Z3GwuNAY1ftS1y55T20v5sVb0g9oG4yZ3Y9+i4zJ7i/f4gntBvFfDAkSik0kO6mJ83H6xM4yWCA==",
      "hasInstallScript": true,
      "dependencies": {
        "nan": "^2.17.0"
      }
    },
    "node_modules/tree-sitter-c-sharp": {
      "version": "0.20.0",
      "resolved": "https://registry.npmjs.org/tree-sitter-c-sharp/-/tree-sitter-c-sharp-0.20.0.tgz",
      "integrity": "sha512-YpEaGkG4j2sJ5o+iLtUjY/anSj+s3o+DkLh+3vms2/L2pB87i7Yy3p3wQYyneg3nveiS+y1Pj/VfJg==",
      "dependencies": {
        "nan": "^2.16.0"
      }
    },
    "node_modules/tree-sitter-cpp": {
      "version": "0.20.1",
      "resolved": "https://registry.npmjs.org/tree-sitter-cpp/-/tree-sitter-cpp-0.20.1.tgz",
      "integrity": "sha512-V/E6k+xTfvwqWw3A3eBCsA9xGkK+uV1r4A8YODfQjA9QfKqfXJgnsaYjQxvoeYxLgXhB5lkTzCRs2A==",
      "dependencies": {
        "nan": "^2.17.0"
      }
    },
    "node_modules/tree-sitter-go": {
      "version": "0.20.0",
      "resolved": "https://registry.npmjs.org/tree-sitter-go/-/tree-sitter-go-0.20.0.tgz",
      "integrity": "sha512-1vj7A/n9eKy3aU4g2yI4g0JcFf5o2v5V2+zHhFvjUZ4zCuVPZk5p3wS6JbJ2x22Mh23tZg2P3g==",
      "dependencies": {
        "nan": "^2.16.0"
      }
    },
    "node_modules/tree-sitter-java": {
      "version": "0.20.2",
      "resolved": "https://registry.npmjs.org/tree-sitter-java/-/tree-sitter-java-0.20.2.tgz",
      "integrity": "sha512-i+f+q2x7gYd2yYl2i/Uo91yJ/2fTq0A+8k0xWzIuYctmX1T12fLgDUYhYt+Xl7hHn5kQ4yEwA==",
      "dependencies": {
        "nan": "^2.17.0"
      }
    },
    "node_modules/tree-sitter-javascript": {
      "version": "0.20.1",
      "resolved": "https://registry.npmjs.org/tree-sitter-javascript/-/tree-sitter-javascript-0.20.1.tgz",
      "integrity": "sha512-i3g/3gA0hGqKk3aQ6zJjwg2KUPtN+nL9yvLp5zeuR3p4PFLp3B740gXgC9hV0+SOE20b2g+XwA==",
      "dependencies": {
        "nan": "^2.17.0"
      }
    },
    "node_modules/tree-sitter-php": {
      "version": "0.20.0",
      "resolved": "https://registry.npmjs.org/tree-sitter-php/-/tree-sitter-php-0.20.0.tgz",
      "integrity": "sha512-e4iJ5F9Jjvb3o2qXG43D5eCgOqg5Q/b1sZ2Y/yBv7vS2WpGoa/2C/Y1b25k/gXyE2yL+g==",
      "dependencies": {
        "nan": "^2.16.0"
      }
    },
    "node_modules/tree-sitter-python": {
      "version": "0.20.5",
      "resolved": "https://registry.npmjs.org/tree-sitter-python/-/tree-sitter-python-0.20.5.tgz",
      "integrity": "sha512-i1UfJjPqYgJ3fC0u21Z8eP43M2mGjGkXqfD/L+shI2nF2vL+i4p4TjOMiY2p1dM+wA==",
      "dependencies": {
        "nan": "^2.18.0"
      }
    },
    "node_modules/tree-sitter-ruby": {
      "version": "0.20.0",
      "resolved": "https://registry.npmjs.org/tree-sitter-ruby/-/tree-sitter-ruby-0.20.0.tgz",
      "integrity": "sha512-Xn2hY1iGSAevnPoJk2aYVtZtXy11Y2T8nN+x2eYp+eL+q0o3p3S/tqXqY7wI/b1wA==",
      "dependencies": {
        "nan": "^2.16.0"
      }
    },
    "node_modules/tree-sitter-rust": {
      "version": "0.20.5",
      "resolved": "https://registry.npmjs.org/tree-sitter-rust/-/tree-sitter-rust-0.20.5.tgz",
      "integrity": "sha512-uG3gQe/rY/G2bQujRk3Z3nLdJ/dMhV1O25i+1+xYjP++hW/gD1dGgG+g7o+gA==",
      "dependencies": {
        "nan": "^2.18.0"
      }
    },
    "node_modules/tree-sitter-typescript": {
      "version": "0.20.3",
      "resolved": "https://registry.npmjs.org/tree-sitter-typescript/-/tree-sitter-typescript-0.20.3.tgz",
      "integrity": "sha512-sO9c3hBYV9P2EB+5ISsYc4wU8v4D+p4wzizd3agzTj4aWnAPgXlH+b2/NfWdC/wA==",
      "dependencies": {
        "nan": "^2.17.0"
      }
    },
    "node_modules/tunnel": {
      "version": "0.0.6",
      "resolved": "https://registry.npmjs.org/tunnel/-/tunnel-0.0.6.tgz",
      "integrity": "sha512-1h/Lnq9v4r+I32w5A2sAbmBpcwWfLd2R24c/tYvTPIze8JOsH36gO40Qyv5I5v5sI7m2g453H3A7tNO2s2dJA==",
      "engines": {
        "node": ">=0.6.11 <=0.7.0 || >=0.7.3"
      }
    },
    "node_modules/universal-user-agent": {
      "version": "7.0.4",
      "resolved": "https://registry.npmjs.org/universal-user-agent/-/universal-user-agent-7.0.4.tgz",
      "integrity": "sha512-sTjIu2T3o4h5D1oN3B2y+gHk/d2n1xW2a54hJ2xKkG2+MPzSHpNEpB3pG81a6S2nqtXgTzqsf2v4dQ==",
      "engines": {
        "node": ">= 18"
      }
    },
    "node_modules/uuid": {
      "version": "8.3.2",
      "resolved": "https://registry.npmjs.org/uuid/-/uuid-8.3.2.tgz",
      "integrity": "sha512-+NYs2QeMWy+GWFOEm9xnn6HCDp0l7QBD7ml8zLUmJ+93Q5NF0NocErnwkTkXVFNiX3/fpC6afS8Dhb/gz7R7eg==",
      "bin": {
        "uuid": "dist/bin/uuid"
      }
    },
    "node_modules/webidl-conversions": {
      "version": "3.0.1",
      "resolved": "https://registry.npmjs.org/webidl-conversions/-/webidl-conversions-3.0.1.tgz",
      "integrity": "sha512-2JAn3z8AR6rjK8UguRZytif+1kUyrffCYa9CJweWun/dyaRdYgqYA+tVJN7ahVv/5zD4M/pVMv3kWnOh2/jWwA=="
    },
    "node_modules/whatwg-url": {
      "version": "5.0.0",
      "resolved": "https://registry.npmjs.org/whatwg-url/-/whatwg-url-5.0.0.tgz",
      "integrity": "sha512-saE57nupxk6v3HY35+LkWGwjKwv2iWewTemRLIpVzWRKMAj1SCHKDJbS5I2NCjS3e1AiyZinRyie3OkvUdaM4A==",
      "dependencies": {
        "tr46": "~0.0.3",
        "webidl-conversions": "^3.0.1"
      }
    }
  }
}
